// !$*UTF8*$!
{
	archiveVersion = 1;
	classes = {
	};
	objectVersion = 50;
	objects = {

/* Begin PBXBuildFile section */
		63738E4424FEAD6800ACAFDE /* DigitDisplay.swift in Sources */ = {isa = PBXBuildFile; fileRef = 63738E4324FEAD6800ACAFDE /* DigitDisplay.swift */; };
		63738E4624FEADA000ACAFDE /* CalculatorViewModel.swift in Sources */ = {isa = PBXBuildFile; fileRef = 63738E4524FEADA000ACAFDE /* CalculatorViewModel.swift */; };
		63738E4824FEAE4500ACAFDE /* FloatingPoint+Ext.swift in Sources */ = {isa = PBXBuildFile; fileRef = 63738E4724FEAE4500ACAFDE /* FloatingPoint+Ext.swift */; };
		63F5F05124FDD7430022CB3F /* AppDelegate.swift in Sources */ = {isa = PBXBuildFile; fileRef = 63F5F05024FDD7430022CB3F /* AppDelegate.swift */; };
		63F5F05324FDD7430022CB3F /* SceneDelegate.swift in Sources */ = {isa = PBXBuildFile; fileRef = 63F5F05224FDD7430022CB3F /* SceneDelegate.swift */; };
		63F5F05524FDD7430022CB3F /* Calculator.swift in Sources */ = {isa = PBXBuildFile; fileRef = 63F5F05424FDD7430022CB3F /* Calculator.swift */; };
		63F5F05724FDD7440022CB3F /* Assets.xcassets in Resources */ = {isa = PBXBuildFile; fileRef = 63F5F05624FDD7440022CB3F /* Assets.xcassets */; };
		63F5F05A24FDD7440022CB3F /* Preview Assets.xcassets in Resources */ = {isa = PBXBuildFile; fileRef = 63F5F05924FDD7440022CB3F /* Preview Assets.xcassets */; };
		63F5F05D24FDD7440022CB3F /* LaunchScreen.storyboard in Resources */ = {isa = PBXBuildFile; fileRef = 63F5F05B24FDD7440022CB3F /* LaunchScreen.storyboard */; };
/* End PBXBuildFile section */

/* Begin PBXFileReference section */
		63738E4324FEAD6800ACAFDE /* DigitDisplay.swift */ = {isa = PBXFileReference; lastKnownFileType = sourcecode.swift; path = DigitDisplay.swift; sourceTree = "<group>"; };
		63738E4524FEADA000ACAFDE /* CalculatorViewModel.swift */ = {isa = PBXFileReference; lastKnownFileType = sourcecode.swift; path = CalculatorViewModel.swift; sourceTree = "<group>"; };
		63738E4724FEAE4500ACAFDE /* FloatingPoint+Ext.swift */ = {isa = PBXFileReference; lastKnownFileType = sourcecode.swift; path = "FloatingPoint+Ext.swift"; sourceTree = "<group>"; };
		63F5F04D24FDD7430022CB3F /* CalculatorTakeHomeProject.app */ = {isa = PBXFileReference; explicitFileType = wrapper.application; includeInIndex = 0; path = CalculatorTakeHomeProject.app; sourceTree = BUILT_PRODUCTS_DIR; };
		63F5F05024FDD7430022CB3F /* AppDelegate.swift */ = {isa = PBXFileReference; lastKnownFileType = sourcecode.swift; path = AppDelegate.swift; sourceTree = "<group>"; };
		63F5F05224FDD7430022CB3F /* SceneDelegate.swift */ = {isa = PBXFileReference; lastKnownFileType = sourcecode.swift; path = SceneDelegate.swift; sourceTree = "<group>"; };
		63F5F05424FDD7430022CB3F /* Calculator.swift */ = {isa = PBXFileReference; lastKnownFileType = sourcecode.swift; path = Calculator.swift; sourceTree = "<group>"; };
		63F5F05624FDD7440022CB3F /* Assets.xcassets */ = {isa = PBXFileReference; lastKnownFileType = folder.assetcatalog; path = Assets.xcassets; sourceTree = "<group>"; };
		63F5F05924FDD7440022CB3F /* Preview Assets.xcassets */ = {isa = PBXFileReference; lastKnownFileType = folder.assetcatalog; path = "Preview Assets.xcassets"; sourceTree = "<group>"; };
		63F5F05C24FDD7440022CB3F /* Base */ = {isa = PBXFileReference; lastKnownFileType = file.storyboard; name = Base; path = Base.lproj/LaunchScreen.storyboard; sourceTree = "<group>"; };
		63F5F05E24FDD7440022CB3F /* Info.plist */ = {isa = PBXFileReference; lastKnownFileType = text.plist.xml; path = Info.plist; sourceTree = "<group>"; };
/* End PBXFileReference section */

/* Begin PBXFrameworksBuildPhase section */
		63F5F04A24FDD7430022CB3F /* Frameworks */ = {
			isa = PBXFrameworksBuildPhase;
			buildActionMask = 2147483647;
			files = (
			);
			runOnlyForDeploymentPostprocessing = 0;
		};
/* End PBXFrameworksBuildPhase section */

/* Begin PBXGroup section */
		63F5F04424FDD7430022CB3F = {
			isa = PBXGroup;
			children = (
				63F5F04F24FDD7430022CB3F /* CalculatorTakeHomeProject */,
				63F5F04E24FDD7430022CB3F /* Products */,
			);
			sourceTree = "<group>";
		};
		63F5F04E24FDD7430022CB3F /* Products */ = {
			isa = PBXGroup;
			children = (
				63F5F04D24FDD7430022CB3F /* CalculatorTakeHomeProject.app */,
			);
			name = Products;
			sourceTree = "<group>";
		};
		63F5F04F24FDD7430022CB3F /* CalculatorTakeHomeProject */ = {
			isa = PBXGroup;
			children = (
				63F5F06624FDD7E70022CB3F /* Model */,
				63F5F06724FDD7ED0022CB3F /* View */,
				63F5F06824FDD7F50022CB3F /* View Model */,
				63F5F06B24FDD82A0022CB3F /* Extensions */,
				63F5F06424FDD7C80022CB3F /* Support */,
				63F5F05824FDD7440022CB3F /* Preview Content */,
			);
			path = CalculatorTakeHomeProject;
			sourceTree = "<group>";
		};
		63F5F05824FDD7440022CB3F /* Preview Content */ = {
			isa = PBXGroup;
			children = (
				63F5F05924FDD7440022CB3F /* Preview Assets.xcassets */,
			);
			path = "Preview Content";
			sourceTree = "<group>";
		};
		63F5F06424FDD7C80022CB3F /* Support */ = {
			isa = PBXGroup;
			children = (
				63F5F06524FDD7D70022CB3F /* App Lifecycle */,
				63F5F05624FDD7440022CB3F /* Assets.xcassets */,
				63F5F05E24FDD7440022CB3F /* Info.plist */,
			);
			path = Support;
			sourceTree = "<group>";
		};
		63F5F06524FDD7D70022CB3F /* App Lifecycle */ = {
			isa = PBXGroup;
			children = (
				63F5F05024FDD7430022CB3F /* AppDelegate.swift */,
				63F5F05224FDD7430022CB3F /* SceneDelegate.swift */,
			);
			path = "App Lifecycle";
			sourceTree = "<group>";
		};
		63F5F06624FDD7E70022CB3F /* Model */ = {
			isa = PBXGroup;
			children = (
			);
			path = Model;
			sourceTree = "<group>";
		};
		63F5F06724FDD7ED0022CB3F /* View */ = {
			isa = PBXGroup;
			children = (
				63F5F06A24FDD8110022CB3F /* Storyboards */,
				63F5F06924FDD8050022CB3F /* SwiftUI Views */,
			);
			path = View;
			sourceTree = "<group>";
		};
		63F5F06824FDD7F50022CB3F /* View Model */ = {
			isa = PBXGroup;
			children = (
				63738E4524FEADA000ACAFDE /* CalculatorViewModel.swift */,
			);
			path = "View Model";
			sourceTree = "<group>";
		};
		63F5F06924FDD8050022CB3F /* SwiftUI Views */ = {
			isa = PBXGroup;
			children = (
				63F5F05424FDD7430022CB3F /* Calculator.swift */,
				63738E4324FEAD6800ACAFDE /* DigitDisplay.swift */,
			);
			path = "SwiftUI Views";
			sourceTree = "<group>";
		};
		63F5F06A24FDD8110022CB3F /* Storyboards */ = {
			isa = PBXGroup;
			children = (
				63F5F05B24FDD7440022CB3F /* LaunchScreen.storyboard */,
			);
			path = Storyboards;
			sourceTree = "<group>";
		};
		63F5F06B24FDD82A0022CB3F /* Extensions */ = {
			isa = PBXGroup;
			children = (
				63738E4724FEAE4500ACAFDE /* FloatingPoint+Ext.swift */,
			);
			path = Extensions;
			sourceTree = "<group>";
		};
/* End PBXGroup section */

/* Begin PBXNativeTarget section */
		63F5F04C24FDD7430022CB3F /* CalculatorTakeHomeProject */ = {
			isa = PBXNativeTarget;
			buildConfigurationList = 63F5F06124FDD7440022CB3F /* Build configuration list for PBXNativeTarget "CalculatorTakeHomeProject" */;
			buildPhases = (
				63F5F04924FDD7430022CB3F /* Sources */,
				63F5F04A24FDD7430022CB3F /* Frameworks */,
				63F5F04B24FDD7430022CB3F /* Resources */,
			);
			buildRules = (
			);
			dependencies = (
			);
			name = CalculatorTakeHomeProject;
			productName = CalculatorTakeHomeProject;
			productReference = 63F5F04D24FDD7430022CB3F /* CalculatorTakeHomeProject.app */;
			productType = "com.apple.product-type.application";
		};
/* End PBXNativeTarget section */

/* Begin PBXProject section */
		63F5F04524FDD7430022CB3F /* Project object */ = {
			isa = PBXProject;
			attributes = {
				LastSwiftUpdateCheck = 1200;
				LastUpgradeCheck = 1200;
				TargetAttributes = {
					63F5F04C24FDD7430022CB3F = {
						CreatedOnToolsVersion = 12.0;
					};
				};
			};
			buildConfigurationList = 63F5F04824FDD7430022CB3F /* Build configuration list for PBXProject "CalculatorTakeHomeProject" */;
			compatibilityVersion = "Xcode 9.3";
			developmentRegion = en;
			hasScannedForEncodings = 0;
			knownRegions = (
				en,
				Base,
			);
			mainGroup = 63F5F04424FDD7430022CB3F;
			productRefGroup = 63F5F04E24FDD7430022CB3F /* Products */;
			projectDirPath = "";
			projectRoot = "";
			targets = (
				63F5F04C24FDD7430022CB3F /* CalculatorTakeHomeProject */,
			);
		};
/* End PBXProject section */

/* Begin PBXResourcesBuildPhase section */
		63F5F04B24FDD7430022CB3F /* Resources */ = {
			isa = PBXResourcesBuildPhase;
			buildActionMask = 2147483647;
			files = (
				63F5F05D24FDD7440022CB3F /* LaunchScreen.storyboard in Resources */,
				63F5F05A24FDD7440022CB3F /* Preview Assets.xcassets in Resources */,
				63F5F05724FDD7440022CB3F /* Assets.xcassets in Resources */,
			);
			runOnlyForDeploymentPostprocessing = 0;
		};
/* End PBXResourcesBuildPhase section */

/* Begin PBXSourcesBuildPhase section */
		63F5F04924FDD7430022CB3F /* Sources */ = {
			isa = PBXSourcesBuildPhase;
			buildActionMask = 2147483647;
			files = (
				63738E4824FEAE4500ACAFDE /* FloatingPoint+Ext.swift in Sources */,
				63738E4424FEAD6800ACAFDE /* DigitDisplay.swift in Sources */,
				63F5F05124FDD7430022CB3F /* AppDelegate.swift in Sources */,
				63F5F05324FDD7430022CB3F /* SceneDelegate.swift in Sources */,
				63F5F05524FDD7430022CB3F /* Calculator.swift in Sources */,
				63738E4624FEADA000ACAFDE /* CalculatorViewModel.swift in Sources */,
			);
			runOnlyForDeploymentPostprocessing = 0;
		};
/* End PBXSourcesBuildPhase section */

/* Begin PBXVariantGroup section */
		63F5F05B24FDD7440022CB3F /* LaunchScreen.storyboard */ = {
			isa = PBXVariantGroup;
			children = (
				63F5F05C24FDD7440022CB3F /* Base */,
			);
			name = LaunchScreen.storyboard;
			sourceTree = "<group>";
		};
/* End PBXVariantGroup section */

/* Begin XCBuildConfiguration section */
		63F5F05F24FDD7440022CB3F /* Debug */ = {
			isa = XCBuildConfiguration;
			buildSettings = {
				ALWAYS_SEARCH_USER_PATHS = NO;
				CLANG_ANALYZER_NONNULL = YES;
				CLANG_ANALYZER_NUMBER_OBJECT_CONVERSION = YES_AGGRESSIVE;
				CLANG_CXX_LANGUAGE_STANDARD = "gnu++14";
				CLANG_CXX_LIBRARY = "libc++";
				CLANG_ENABLE_MODULES = YES;
				CLANG_ENABLE_OBJC_ARC = YES;
				CLANG_ENABLE_OBJC_WEAK = YES;
				CLANG_WARN_BLOCK_CAPTURE_AUTORELEASING = YES;
				CLANG_WARN_BOOL_CONVERSION = YES;
				CLANG_WARN_COMMA = YES;
				CLANG_WARN_CONSTANT_CONVERSION = YES;
				CLANG_WARN_DEPRECATED_OBJC_IMPLEMENTATIONS = YES;
				CLANG_WARN_DIRECT_OBJC_ISA_USAGE = YES_ERROR;
				CLANG_WARN_DOCUMENTATION_COMMENTS = YES;
				CLANG_WARN_EMPTY_BODY = YES;
				CLANG_WARN_ENUM_CONVERSION = YES;
				CLANG_WARN_INFINITE_RECURSION = YES;
				CLANG_WARN_INT_CONVERSION = YES;
				CLANG_WARN_NON_LITERAL_NULL_CONVERSION = YES;
				CLANG_WARN_OBJC_IMPLICIT_RETAIN_SELF = YES;
				CLANG_WARN_OBJC_LITERAL_CONVERSION = YES;
				CLANG_WARN_OBJC_ROOT_CLASS = YES_ERROR;
				CLANG_WARN_QUOTED_INCLUDE_IN_FRAMEWORK_HEADER = YES;
				CLANG_WARN_RANGE_LOOP_ANALYSIS = YES;
				CLANG_WARN_STRICT_PROTOTYPES = YES;
				CLANG_WARN_SUSPICIOUS_MOVE = YES;
				CLANG_WARN_UNGUARDED_AVAILABILITY = YES_AGGRESSIVE;
				CLANG_WARN_UNREACHABLE_CODE = YES;
				CLANG_WARN__DUPLICATE_METHOD_MATCH = YES;
				COPY_PHASE_STRIP = NO;
				DEBUG_INFORMATION_FORMAT = dwarf;
				ENABLE_STRICT_OBJC_MSGSEND = YES;
				ENABLE_TESTABILITY = YES;
				GCC_C_LANGUAGE_STANDARD = gnu11;
				GCC_DYNAMIC_NO_PIC = NO;
				GCC_NO_COMMON_BLOCKS = YES;
				GCC_OPTIMIZATION_LEVEL = 0;
				GCC_PREPROCESSOR_DEFINITIONS = (
					"DEBUG=1",
					"$(inherited)",
				);
				GCC_WARN_64_TO_32_BIT_CONVERSION = YES;
				GCC_WARN_ABOUT_RETURN_TYPE = YES_ERROR;
				GCC_WARN_UNDECLARED_SELECTOR = YES;
				GCC_WARN_UNINITIALIZED_AUTOS = YES_AGGRESSIVE;
				GCC_WARN_UNUSED_FUNCTION = YES;
				GCC_WARN_UNUSED_VARIABLE = YES;
				IPHONEOS_DEPLOYMENT_TARGET = 14.0;
				MTL_ENABLE_DEBUG_INFO = INCLUDE_SOURCE;
				MTL_FAST_MATH = YES;
				ONLY_ACTIVE_ARCH = YES;
				SDKROOT = iphoneos;
				SWIFT_ACTIVE_COMPILATION_CONDITIONS = DEBUG;
				SWIFT_OPTIMIZATION_LEVEL = "-Onone";
			};
			name = Debug;
		};
		63F5F06024FDD7440022CB3F /* Release */ = {
			isa = XCBuildConfiguration;
			buildSettings = {
				ALWAYS_SEARCH_USER_PATHS = NO;
				CLANG_ANALYZER_NONNULL = YES;
				CLANG_ANALYZER_NUMBER_OBJECT_CONVERSION = YES_AGGRESSIVE;
				CLANG_CXX_LANGUAGE_STANDARD = "gnu++14";
				CLANG_CXX_LIBRARY = "libc++";
				CLANG_ENABLE_MODULES = YES;
				CLANG_ENABLE_OBJC_ARC = YES;
				CLANG_ENABLE_OBJC_WEAK = YES;
				CLANG_WARN_BLOCK_CAPTURE_AUTORELEASING = YES;
				CLANG_WARN_BOOL_CONVERSION = YES;
				CLANG_WARN_COMMA = YES;
				CLANG_WARN_CONSTANT_CONVERSION = YES;
				CLANG_WARN_DEPRECATED_OBJC_IMPLEMENTATIONS = YES;
				CLANG_WARN_DIRECT_OBJC_ISA_USAGE = YES_ERROR;
				CLANG_WARN_DOCUMENTATION_COMMENTS = YES;
				CLANG_WARN_EMPTY_BODY = YES;
				CLANG_WARN_ENUM_CONVERSION = YES;
				CLANG_WARN_INFINITE_RECURSION = YES;
				CLANG_WARN_INT_CONVERSION = YES;
				CLANG_WARN_NON_LITERAL_NULL_CONVERSION = YES;
				CLANG_WARN_OBJC_IMPLICIT_RETAIN_SELF = YES;
				CLANG_WARN_OBJC_LITERAL_CONVERSION = YES;
				CLANG_WARN_OBJC_ROOT_CLASS = YES_ERROR;
				CLANG_WARN_QUOTED_INCLUDE_IN_FRAMEWORK_HEADER = YES;
				CLANG_WARN_RANGE_LOOP_ANALYSIS = YES;
				CLANG_WARN_STRICT_PROTOTYPES = YES;
				CLANG_WARN_SUSPICIOUS_MOVE = YES;
				CLANG_WARN_UNGUARDED_AVAILABILITY = YES_AGGRESSIVE;
				CLANG_WARN_UNREACHABLE_CODE = YES;
				CLANG_WARN__DUPLICATE_METHOD_MATCH = YES;
				COPY_PHASE_STRIP = NO;
				DEBUG_INFORMATION_FORMAT = "dwarf-with-dsym";
				ENABLE_NS_ASSERTIONS = NO;
				ENABLE_STRICT_OBJC_MSGSEND = YES;
				GCC_C_LANGUAGE_STANDARD = gnu11;
				GCC_NO_COMMON_BLOCKS = YES;
				GCC_WARN_64_TO_32_BIT_CONVERSION = YES;
				GCC_WARN_ABOUT_RETURN_TYPE = YES_ERROR;
				GCC_WARN_UNDECLARED_SELECTOR = YES;
				GCC_WARN_UNINITIALIZED_AUTOS = YES_AGGRESSIVE;
				GCC_WARN_UNUSED_FUNCTION = YES;
				GCC_WARN_UNUSED_VARIABLE = YES;
				IPHONEOS_DEPLOYMENT_TARGET = 14.0;
				MTL_ENABLE_DEBUG_INFO = NO;
				MTL_FAST_MATH = YES;
				SDKROOT = iphoneos;
				SWIFT_COMPILATION_MODE = wholemodule;
				SWIFT_OPTIMIZATION_LEVEL = "-O";
				VALIDATE_PRODUCT = YES;
			};
			name = Release;
		};
		63F5F06224FDD7440022CB3F /* Debug */ = {
			isa = XCBuildConfiguration;
			buildSettings = {
				ASSETCATALOG_COMPILER_APPICON_NAME = AppIcon;
				ASSETCATALOG_COMPILER_GLOBAL_ACCENT_COLOR_NAME = AccentColor;
				CODE_SIGN_STYLE = Automatic;
				DEVELOPMENT_ASSET_PATHS = "\"CalculatorTakeHomeProject/Preview Content\"";
				DEVELOPMENT_TEAM = P7DFWNNEL3;
				ENABLE_PREVIEWS = YES;
				INFOPLIST_FILE = CalculatorTakeHomeProject/Support/Info.plist;
				LD_RUNPATH_SEARCH_PATHS = (
					"$(inherited)",
					"@executable_path/Frameworks",
				);
				PRODUCT_BUNDLE_IDENTIFIER = io.github.chadarutherford.CalculatorTakeHomeProject;
				PRODUCT_NAME = "$(TARGET_NAME)";
				SWIFT_VERSION = 5.0;
				TARGETED_DEVICE_FAMILY = 1;
			};
			name = Debug;
		};
		63F5F06324FDD7440022CB3F /* Release */ = {
			isa = XCBuildConfiguration;
			buildSettings = {
				ASSETCATALOG_COMPILER_APPICON_NAME = AppIcon;
				ASSETCATALOG_COMPILER_GLOBAL_ACCENT_COLOR_NAME = AccentColor;
				CODE_SIGN_STYLE = Automatic;
				DEVELOPMENT_ASSET_PATHS = "\"CalculatorTakeHomeProject/Preview Content\"";
				DEVELOPMENT_TEAM = P7DFWNNEL3;
				ENABLE_PREVIEWS = YES;
				INFOPLIST_FILE = CalculatorTakeHomeProject/Support/Info.plist;
				LD_RUNPATH_SEARCH_PATHS = (
					"$(inherited)",
					"@executable_path/Frameworks",
				);
				PRODUCT_BUNDLE_IDENTIFIER = io.github.chadarutherford.CalculatorTakeHomeProject;
				PRODUCT_NAME = "$(TARGET_NAME)";
				SWIFT_VERSION = 5.0;
				TARGETED_DEVICE_FAMILY = 1;
			};
			name = Release;
		};
/* End XCBuildConfiguration section */

/* Begin XCConfigurationList section */
		63F5F04824FDD7430022CB3F /* Build configuration list for PBXProject "CalculatorTakeHomeProject" */ = {
			isa = XCConfigurationList;
			buildConfigurations = (
				63F5F05F24FDD7440022CB3F /* Debug */,
				63F5F06024FDD7440022CB3F /* Release */,
			);
			defaultConfigurationIsVisible = 0;
			defaultConfigurationName = Release;
		};
		63F5F06124FDD7440022CB3F /* Build configuration list for PBXNativeTarget "CalculatorTakeHomeProject" */ = {
			isa = XCConfigurationList;
			buildConfigurations = (
				63F5F06224FDD7440022CB3F /* Debug */,
				63F5F06324FDD7440022CB3F /* Release */,
			);
			defaultConfigurationIsVisible = 0;
			defaultConfigurationName = Release;
		};
/* End XCConfigurationList section */
	};
	rootObject = 63F5F04524FDD7430022CB3F /* Project object */;
}
